// !$*UTF8*$!
{
	archiveVersion = 1;
	classes = {
	};
	objectVersion = 46;
	objects = {

/* Begin PBXBuildFile section */
		4D8320BA1D05864700B7F684 /* AppDelegate.swift in Sources */ = {isa = PBXBuildFile; fileRef = 4D8320B91D05864700B7F684 /* AppDelegate.swift */; };
		4D8320BF1D05864700B7F684 /* Main.storyboard in Resources */ = {isa = PBXBuildFile; fileRef = 4D8320BD1D05864700B7F684 /* Main.storyboard */; };
		4D8320C21D05864700B7F684 /* VirtualAffairsExc2.xcdatamodeld in Sources */ = {isa = PBXBuildFile; fileRef = 4D8320C01D05864700B7F684 /* VirtualAffairsExc2.xcdatamodeld */; };
		4D8320C41D05864700B7F684 /* Assets.xcassets in Resources */ = {isa = PBXBuildFile; fileRef = 4D8320C31D05864700B7F684 /* Assets.xcassets */; };
		4D8320C71D05864700B7F684 /* LaunchScreen.storyboard in Resources */ = {isa = PBXBuildFile; fileRef = 4D8320C51D05864700B7F684 /* LaunchScreen.storyboard */; };
		4D8320D21D05864700B7F684 /* VirtualAffairsExc2Tests.swift in Sources */ = {isa = PBXBuildFile; fileRef = 4D8320D11D05864700B7F684 /* VirtualAffairsExc2Tests.swift */; };
		4D8320DD1D05864700B7F684 /* VirtualAffairsExc2UITests.swift in Sources */ = {isa = PBXBuildFile; fileRef = 4D8320DC1D05864700B7F684 /* VirtualAffairsExc2UITests.swift */; };
		4D8320EB1D0586A700B7F684 /* TableViewController.swift in Sources */ = {isa = PBXBuildFile; fileRef = 4D8320EA1D0586A700B7F684 /* TableViewController.swift */; };
		4D8320ED1D0586EC00B7F684 /* DateController.swift in Sources */ = {isa = PBXBuildFile; fileRef = 4D8320EC1D0586EC00B7F684 /* DateController.swift */; };
		4D8320EF1D05870A00B7F684 /* Date.swift in Sources */ = {isa = PBXBuildFile; fileRef = 4D8320EE1D05870A00B7F684 /* Date.swift */; };
		4D8320F11D05873F00B7F684 /* CustomCell.swift in Sources */ = {isa = PBXBuildFile; fileRef = 4D8320F01D05873F00B7F684 /* CustomCell.swift */; };
/* End PBXBuildFile section */

/* Begin PBXContainerItemProxy section */
		4D8320CE1D05864700B7F684 /* PBXContainerItemProxy */ = {
			isa = PBXContainerItemProxy;
			containerPortal = 4D8320AE1D05864700B7F684 /* Project object */;
			proxyType = 1;
			remoteGlobalIDString = 4D8320B51D05864700B7F684;
			remoteInfo = VirtualAffairsExc2;
		};
		4D8320D91D05864700B7F684 /* PBXContainerItemProxy */ = {
			isa = PBXContainerItemProxy;
			containerPortal = 4D8320AE1D05864700B7F684 /* Project object */;
			proxyType = 1;
			remoteGlobalIDString = 4D8320B51D05864700B7F684;
			remoteInfo = VirtualAffairsExc2;
		};
/* End PBXContainerItemProxy section */

/* Begin PBXFileReference section */
		4D8320B61D05864700B7F684 /* VirtualAffairsExc2.app */ = {isa = PBXFileReference; explicitFileType = wrapper.application; includeInIndex = 0; path = VirtualAffairsExc2.app; sourceTree = BUILT_PRODUCTS_DIR; };
		4D8320B91D05864700B7F684 /* AppDelegate.swift */ = {isa = PBXFileReference; lastKnownFileType = sourcecode.swift; path = AppDelegate.swift; sourceTree = "<group>"; };
		4D8320BE1D05864700B7F684 /* Base */ = {isa = PBXFileReference; lastKnownFileType = file.storyboard; name = Base; path = Base.lproj/Main.storyboard; sourceTree = "<group>"; };
		4D8320C11D05864700B7F684 /* VirtualAffairsExc2.xcdatamodel */ = {isa = PBXFileReference; lastKnownFileType = wrapper.xcdatamodel; path = VirtualAffairsExc2.xcdatamodel; sourceTree = "<group>"; };
		4D8320C31D05864700B7F684 /* Assets.xcassets */ = {isa = PBXFileReference; lastKnownFileType = folder.assetcatalog; path = Assets.xcassets; sourceTree = "<group>"; };
		4D8320C61D05864700B7F684 /* Base */ = {isa = PBXFileReference; lastKnownFileType = file.storyboard; name = Base; path = Base.lproj/LaunchScreen.storyboard; sourceTree = "<group>"; };
		4D8320C81D05864700B7F684 /* Info.plist */ = {isa = PBXFileReference; lastKnownFileType = text.plist.xml; path = Info.plist; sourceTree = "<group>"; };
		4D8320CD1D05864700B7F684 /* VirtualAffairsExc2Tests.xctest */ = {isa = PBXFileReference; explicitFileType = wrapper.cfbundle; includeInIndex = 0; path = VirtualAffairsExc2Tests.xctest; sourceTree = BUILT_PRODUCTS_DIR; };
		4D8320D11D05864700B7F684 /* VirtualAffairsExc2Tests.swift */ = {isa = PBXFileReference; lastKnownFileType = sourcecode.swift; path = VirtualAffairsExc2Tests.swift; sourceTree = "<group>"; };
		4D8320D31D05864700B7F684 /* Info.plist */ = {isa = PBXFileReference; lastKnownFileType = text.plist.xml; path = Info.plist; sourceTree = "<group>"; };
		4D8320D81D05864700B7F684 /* VirtualAffairsExc2UITests.xctest */ = {isa = PBXFileReference; explicitFileType = wrapper.cfbundle; includeInIndex = 0; path = VirtualAffairsExc2UITests.xctest; sourceTree = BUILT_PRODUCTS_DIR; };
		4D8320DC1D05864700B7F684 /* VirtualAffairsExc2UITests.swift */ = {isa = PBXFileReference; lastKnownFileType = sourcecode.swift; path = VirtualAffairsExc2UITests.swift; sourceTree = "<group>"; };
		4D8320DE1D05864700B7F684 /* Info.plist */ = {isa = PBXFileReference; lastKnownFileType = text.plist.xml; path = Info.plist; sourceTree = "<group>"; };
		4D8320EA1D0586A700B7F684 /* TableViewController.swift */ = {isa = PBXFileReference; fileEncoding = 4; lastKnownFileType = sourcecode.swift; path = TableViewController.swift; sourceTree = "<group>"; };
		4D8320EC1D0586EC00B7F684 /* DateController.swift */ = {isa = PBXFileReference; fileEncoding = 4; lastKnownFileType = sourcecode.swift; path = DateController.swift; sourceTree = "<group>"; };
		4D8320EE1D05870A00B7F684 /* Date.swift */ = {isa = PBXFileReference; fileEncoding = 4; lastKnownFileType = sourcecode.swift; path = Date.swift; sourceTree = "<group>"; };
		4D8320F01D05873F00B7F684 /* CustomCell.swift */ = {isa = PBXFileReference; fileEncoding = 4; lastKnownFileType = sourcecode.swift; path = CustomCell.swift; sourceTree = "<group>"; };
/* End PBXFileReference section */

/* Begin PBXFrameworksBuildPhase section */
		4D8320B31D05864700B7F684 /* Frameworks */ = {
			isa = PBXFrameworksBuildPhase;
			buildActionMask = 2147483647;
			files = (
			);
			runOnlyForDeploymentPostprocessing = 0;
		};
		4D8320CA1D05864700B7F684 /* Frameworks */ = {
			isa = PBXFrameworksBuildPhase;
			buildActionMask = 2147483647;
			files = (
			);
			runOnlyForDeploymentPostprocessing = 0;
		};
		4D8320D51D05864700B7F684 /* Frameworks */ = {
			isa = PBXFrameworksBuildPhase;
			buildActionMask = 2147483647;
			files = (
			);
			runOnlyForDeploymentPostprocessing = 0;
		};
/* End PBXFrameworksBuildPhase section */

/* Begin PBXGroup section */
		4D8320AD1D05864700B7F684 = {
			isa = PBXGroup;
			children = (
				4D8320B81D05864700B7F684 /* VirtualAffairsExc2 */,
				4D8320D01D05864700B7F684 /* VirtualAffairsExc2Tests */,
				4D8320DB1D05864700B7F684 /* VirtualAffairsExc2UITests */,
				4D8320B71D05864700B7F684 /* Products */,
			);
			sourceTree = "<group>";
		};
		4D8320B71D05864700B7F684 /* Products */ = {
			isa = PBXGroup;
			children = (
				4D8320B61D05864700B7F684 /* VirtualAffairsExc2.app */,
				4D8320CD1D05864700B7F684 /* VirtualAffairsExc2Tests.xctest */,
				4D8320D81D05864700B7F684 /* VirtualAffairsExc2UITests.xctest */,
			);
			name = Products;
			sourceTree = "<group>";
		};
		4D8320B81D05864700B7F684 /* VirtualAffairsExc2 */ = {
			isa = PBXGroup;
			children = (
				4D8320B91D05864700B7F684 /* AppDelegate.swift */,
				4D8320EA1D0586A700B7F684 /* TableViewController.swift */,
				4D8320EC1D0586EC00B7F684 /* DateController.swift */,
				4D8320EE1D05870A00B7F684 /* Date.swift */,
				4D8320F01D05873F00B7F684 /* CustomCell.swift */,
				4D8320BD1D05864700B7F684 /* Main.storyboard */,
				4D8320C31D05864700B7F684 /* Assets.xcassets */,
				4D8320C51D05864700B7F684 /* LaunchScreen.storyboard */,
				4D8320C81D05864700B7F684 /* Info.plist */,
				4D8320C01D05864700B7F684 /* VirtualAffairsExc2.xcdatamodeld */,
			);
			path = VirtualAffairsExc2;
			sourceTree = "<group>";
		};
		4D8320D01D05864700B7F684 /* VirtualAffairsExc2Tests */ = {
			isa = PBXGroup;
			children = (
				4D8320D11D05864700B7F684 /* VirtualAffairsExc2Tests.swift */,
				4D8320D31D05864700B7F684 /* Info.plist */,
			);
			path = VirtualAffairsExc2Tests;
			sourceTree = "<group>";
		};
		4D8320DB1D05864700B7F684 /* VirtualAffairsExc2UITests */ = {
			isa = PBXGroup;
			children = (
				4D8320DC1D05864700B7F684 /* VirtualAffairsExc2UITests.swift */,
				4D8320DE1D05864700B7F684 /* Info.plist */,
			);
			path = VirtualAffairsExc2UITests;
			sourceTree = "<group>";
		};
/* End PBXGroup section */

/* Begin PBXNativeTarget section */
		4D8320B51D05864700B7F684 /* VirtualAffairsExc2 */ = {
			isa = PBXNativeTarget;
			buildConfigurationList = 4D8320E11D05864700B7F684 /* Build configuration list for PBXNativeTarget "VirtualAffairsExc2" */;
			buildPhases = (
				4D8320B21D05864700B7F684 /* Sources */,
				4D8320B31D05864700B7F684 /* Frameworks */,
				4D8320B41D05864700B7F684 /* Resources */,
			);
			buildRules = (
			);
			dependencies = (
			);
			name = VirtualAffairsExc2;
			productName = VirtualAffairsExc2;
			productReference = 4D8320B61D05864700B7F684 /* VirtualAffairsExc2.app */;
			productType = "com.apple.product-type.application";
		};
		4D8320CC1D05864700B7F684 /* VirtualAffairsExc2Tests */ = {
			isa = PBXNativeTarget;
			buildConfigurationList = 4D8320E41D05864700B7F684 /* Build configuration list for PBXNativeTarget "VirtualAffairsExc2Tests" */;
			buildPhases = (
				4D8320C91D05864700B7F684 /* Sources */,
				4D8320CA1D05864700B7F684 /* Frameworks */,
				4D8320CB1D05864700B7F684 /* Resources */,
			);
			buildRules = (
			);
			dependencies = (
				4D8320CF1D05864700B7F684 /* PBXTargetDependency */,
			);
			name = VirtualAffairsExc2Tests;
			productName = VirtualAffairsExc2Tests;
			productReference = 4D8320CD1D05864700B7F684 /* VirtualAffairsExc2Tests.xctest */;
			productType = "com.apple.product-type.bundle.unit-test";
		};
		4D8320D71D05864700B7F684 /* VirtualAffairsExc2UITests */ = {
			isa = PBXNativeTarget;
			buildConfigurationList = 4D8320E71D05864700B7F684 /* Build configuration list for PBXNativeTarget "VirtualAffairsExc2UITests" */;
			buildPhases = (
				4D8320D41D05864700B7F684 /* Sources */,
				4D8320D51D05864700B7F684 /* Frameworks */,
				4D8320D61D05864700B7F684 /* Resources */,
			);
			buildRules = (
			);
			dependencies = (
				4D8320DA1D05864700B7F684 /* PBXTargetDependency */,
			);
			name = VirtualAffairsExc2UITests;
			productName = VirtualAffairsExc2UITests;
			productReference = 4D8320D81D05864700B7F684 /* VirtualAffairsExc2UITests.xctest */;
			productType = "com.apple.product-type.bundle.ui-testing";
		};
/* End PBXNativeTarget section */

/* Begin PBXProject section */
		4D8320AE1D05864700B7F684 /* Project object */ = {
			isa = PBXProject;
			attributes = {
				LastSwiftUpdateCheck = 0730;
				LastUpgradeCheck = 0730;
				ORGANIZATIONNAME = "Mark Verwoerd";
				TargetAttributes = {
					4D8320B51D05864700B7F684 = {
						CreatedOnToolsVersion = 7.3;
						DevelopmentTeam = 58F774F7K8;
					};
					4D8320CC1D05864700B7F684 = {
						CreatedOnToolsVersion = 7.3;
						DevelopmentTeam = 58F774F7K8;
						TestTargetID = 4D8320B51D05864700B7F684;
					};
					4D8320D71D05864700B7F684 = {
						CreatedOnToolsVersion = 7.3;
						DevelopmentTeam = 58F774F7K8;
						TestTargetID = 4D8320B51D05864700B7F684;
					};
				};
			};
			buildConfigurationList = 4D8320B11D05864700B7F684 /* Build configuration list for PBXProject "VirtualAffairsExc2" */;
			compatibilityVersion = "Xcode 3.2";
			developmentRegion = English;
			hasScannedForEncodings = 0;
			knownRegions = (
				en,
				Base,
			);
			mainGroup = 4D8320AD1D05864700B7F684;
			productRefGroup = 4D8320B71D05864700B7F684 /* Products */;
			projectDirPath = "";
			projectRoot = "";
			targets = (
				4D8320B51D05864700B7F684 /* VirtualAffairsExc2 */,
				4D8320CC1D05864700B7F684 /* VirtualAffairsExc2Tests */,
				4D8320D71D05864700B7F684 /* VirtualAffairsExc2UITests */,
			);
		};
/* End PBXProject section */

/* Begin PBXResourcesBuildPhase section */
		4D8320B41D05864700B7F684 /* Resources */ = {
			isa = PBXResourcesBuildPhase;
			buildActionMask = 2147483647;
			files = (
				4D8320C71D05864700B7F684 /* LaunchScreen.storyboard in Resources */,
				4D8320C41D05864700B7F684 /* Assets.xcassets in Resources */,
				4D8320BF1D05864700B7F684 /* Main.storyboard in Resources */,
			);
			runOnlyForDeploymentPostprocessing = 0;
		};
		4D8320CB1D05864700B7F684 /* Resources */ = {
			isa = PBXResourcesBuildPhase;
			buildActionMask = 2147483647;
			files = (
			);
			runOnlyForDeploymentPostprocessing = 0;
		};
		4D8320D61D05864700B7F684 /* Resources */ = {
			isa = PBXResourcesBuildPhase;
			buildActionMask = 2147483647;
			files = (
			);
			runOnlyForDeploymentPostprocessing = 0;
		};
/* End PBXResourcesBuildPhase section */

/* Begin PBXSourcesBuildPhase section */
		4D8320B21D05864700B7F684 /* Sources */ = {
			isa = PBXSourcesBuildPhase;
			buildActionMask = 2147483647;
			files = (
				4D8320C21D05864700B7F684 /* VirtualAffairsExc2.xcdatamodeld in Sources */,
				4D8320EF1D05870A00B7F684 /* Date.swift in Sources */,
				4D8320BA1D05864700B7F684 /* AppDelegate.swift in Sources */,
				4D8320ED1D0586EC00B7F684 /* DateController.swift in Sources */,
				4D8320F11D05873F00B7F684 /* CustomCell.swift in Sources */,
				4D8320EB1D0586A700B7F684 /* TableViewController.swift in Sources */,
			);
			runOnlyForDeploymentPostprocessing = 0;
		};
		4D8320C91D05864700B7F684 /* Sources */ = {
			isa = PBXSourcesBuildPhase;
			buildActionMask = 2147483647;
			files = (
				4D8320D21D05864700B7F684 /* VirtualAffairsExc2Tests.swift in Sources */,
			);
			runOnlyForDeploymentPostprocessing = 0;
		};
		4D8320D41D05864700B7F684 /* Sources */ = {
			isa = PBXSourcesBuildPhase;
			buildActionMask = 2147483647;
			files = (
				4D8320DD1D05864700B7F684 /* VirtualAffairsExc2UITests.swift in Sources */,
			);
			runOnlyForDeploymentPostprocessing = 0;
		};
/* End PBXSourcesBuildPhase section */

/* Begin PBXTargetDependency section */
		4D8320CF1D05864700B7F684 /* PBXTargetDependency */ = {
			isa = PBXTargetDependency;
			target = 4D8320B51D05864700B7F684 /* VirtualAffairsExc2 */;
			targetProxy = 4D8320CE1D05864700B7F684 /* PBXContainerItemProxy */;
		};
		4D8320DA1D05864700B7F684 /* PBXTargetDependency */ = {
			isa = PBXTargetDependency;
			target = 4D8320B51D05864700B7F684 /* VirtualAffairsExc2 */;
			targetProxy = 4D8320D91D05864700B7F684 /* PBXContainerItemProxy */;
		};
/* End PBXTargetDependency section */

/* Begin PBXVariantGroup section */
		4D8320BD1D05864700B7F684 /* Main.storyboard */ = {
			isa = PBXVariantGroup;
			children = (
				4D8320BE1D05864700B7F684 /* Base */,
			);
			name = Main.storyboard;
			sourceTree = "<group>";
		};
		4D8320C51D05864700B7F684 /* LaunchScreen.storyboard */ = {
			isa = PBXVariantGroup;
			children = (
				4D8320C61D05864700B7F684 /* Base */,
			);
			name = LaunchScreen.storyboard;
			sourceTree = "<group>";
		};
/* End PBXVariantGroup section */

/* Begin XCBuildConfiguration section */
		4D8320DF1D05864700B7F684 /* Debug */ = {
			isa = XCBuildConfiguration;
			buildSettings = {
				ALWAYS_SEARCH_USER_PATHS = NO;
				CLANG_ANALYZER_NONNULL = YES;
				CLANG_CXX_LANGUAGE_STANDARD = "gnu++0x";
				CLANG_CXX_LIBRARY = "libc++";
				CLANG_ENABLE_MODULES = YES;
				CLANG_ENABLE_OBJC_ARC = YES;
				CLANG_WARN_BOOL_CONVERSION = YES;
				CLANG_WARN_CONSTANT_CONVERSION = YES;
				CLANG_WARN_DIRECT_OBJC_ISA_USAGE = YES_ERROR;
				CLANG_WARN_EMPTY_BODY = YES;
				CLANG_WARN_ENUM_CONVERSION = YES;
				CLANG_WARN_INT_CONVERSION = YES;
				CLANG_WARN_OBJC_ROOT_CLASS = YES_ERROR;
				CLANG_WARN_UNREACHABLE_CODE = YES;
				CLANG_WARN__DUPLICATE_METHOD_MATCH = YES;
				"CODE_SIGN_IDENTITY[sdk=iphoneos*]" = "iPhone Developer";
				COPY_PHASE_STRIP = NO;
				DEBUG_INFORMATION_FORMAT = dwarf;
				ENABLE_STRICT_OBJC_MSGSEND = YES;
				ENABLE_TESTABILITY = YES;
				GCC_C_LANGUAGE_STANDARD = gnu99;
				GCC_DYNAMIC_NO_PIC = NO;
				GCC_NO_COMMON_BLOCKS = YES;
				GCC_OPTIMIZATION_LEVEL = 0;
				GCC_PREPROCESSOR_DEFINITIONS = (
					"DEBUG=1",
					"$(inherited)",
				);
				GCC_WARN_64_TO_32_BIT_CONVERSION = YES;
				GCC_WARN_ABOUT_RETURN_TYPE = YES_ERROR;
				GCC_WARN_UNDECLARED_SELECTOR = YES;
				GCC_WARN_UNINITIALIZED_AUTOS = YES_AGGRESSIVE;
				GCC_WARN_UNUSED_FUNCTION = YES;
				GCC_WARN_UNUSED_VARIABLE = YES;
				IPHONEOS_DEPLOYMENT_TARGET = 9.3;
				MTL_ENABLE_DEBUG_INFO = YES;
				ONLY_ACTIVE_ARCH = YES;
				SDKROOT = iphoneos;
				SWIFT_OPTIMIZATION_LEVEL = "-Onone";
				TARGETED_DEVICE_FAMILY = "1,2";
			};
			name = Debug;
		};
		4D8320E01D05864700B7F684 /* Release */ = {
			isa = XCBuildConfiguration;
			buildSettings = {
				ALWAYS_SEARCH_USER_PATHS = NO;
				CLANG_ANALYZER_NONNULL = YES;
				CLANG_CXX_LANGUAGE_STANDARD = "gnu++0x";
				CLANG_CXX_LIBRARY = "libc++";
				CLANG_ENABLE_MODULES = YES;
				CLANG_ENABLE_OBJC_ARC = YES;
				CLANG_WARN_BOOL_CONVERSION = YES;
				CLANG_WARN_CONSTANT_CONVERSION = YES;
				CLANG_WARN_DIRECT_OBJC_ISA_USAGE = YES_ERROR;
				CLANG_WARN_EMPTY_BODY = YES;
				CLANG_WARN_ENUM_CONVERSION = YES;
				CLANG_WARN_INT_CONVERSION = YES;
				CLANG_WARN_OBJC_ROOT_CLASS = YES_ERROR;
				CLANG_WARN_UNREACHABLE_CODE = YES;
				CLANG_WARN__DUPLICATE_METHOD_MATCH = YES;
				"CODE_SIGN_IDENTITY[sdk=iphoneos*]" = "iPhone Developer";
				COPY_PHASE_STRIP = NO;
				DEBUG_INFORMATION_FORMAT = "dwarf-with-dsym";
				ENABLE_NS_ASSERTIONS = NO;
				ENABLE_STRICT_OBJC_MSGSEND = YES;
				GCC_C_LANGUAGE_STANDARD = gnu99;
				GCC_NO_COMMON_BLOCKS = YES;
				GCC_WARN_64_TO_32_BIT_CONVERSION = YES;
				GCC_WARN_ABOUT_RETURN_TYPE = YES_ERROR;
				GCC_WARN_UNDECLARED_SELECTOR = YES;
				GCC_WARN_UNINITIALIZED_AUTOS = YES_AGGRESSIVE;
				GCC_WARN_UNUSED_FUNCTION = YES;
				GCC_WARN_UNUSED_VARIABLE = YES;
				IPHONEOS_DEPLOYMENT_TARGET = 9.3;
				MTL_ENABLE_DEBUG_INFO = NO;
				SDKROOT = iphoneos;
				TARGETED_DEVICE_FAMILY = "1,2";
				VALIDATE_PRODUCT = YES;
			};
			name = Release;
		};
		4D8320E21D05864700B7F684 /* Debug */ = {
			isa = XCBuildConfiguration;
			buildSettings = {
				ASSETCATALOG_COMPILER_APPICON_NAME = AppIcon;
				INFOPLIST_FILE = VirtualAffairsExc2/Info.plist;
				LD_RUNPATH_SEARCH_PATHS = "$(inherited) @executable_path/Frameworks";
				PRODUCT_BUNDLE_IDENTIFIER = mvp.VirtualAffairsExc2;
				PRODUCT_NAME = "$(TARGET_NAME)";
			};
			name = Debug;
		};
		4D8320E31D05864700B7F684 /* Release */ = {
			isa = XCBuildConfiguration;
			buildSettings = {
				ASSETCATALOG_COMPILER_APPICON_NAME = AppIcon;
				INFOPLIST_FILE = VirtualAffairsExc2/Info.plist;
				LD_RUNPATH_SEARCH_PATHS = "$(inherited) @executable_path/Frameworks";
				PRODUCT_BUNDLE_IDENTIFIER = mvp.VirtualAffairsExc2;
				PRODUCT_NAME = "$(TARGET_NAME)";
			};
			name = Release;
		};
		4D8320E51D05864700B7F684 /* Debug */ = {
			isa = XCBuildConfiguration;
			buildSettings = {
				BUNDLE_LOADER = "$(TEST_HOST)";
				INFOPLIST_FILE = VirtualAffairsExc2Tests/Info.plist;
				LD_RUNPATH_SEARCH_PATHS = "$(inherited) @executable_path/Frameworks @loader_path/Frameworks";
				PRODUCT_BUNDLE_IDENTIFIER = mvp.VirtualAffairsExc2Tests;
				PRODUCT_NAME = "$(TARGET_NAME)";
				TEST_HOST = "$(BUILT_PRODUCTS_DIR)/VirtualAffairsExc2.app/VirtualAffairsExc2";
			};
			name = Debug;
		};
		4D8320E61D05864700B7F684 /* Release */ = {
			isa = XCBuildConfiguration;
			buildSettings = {
				BUNDLE_LOADER = "$(TEST_HOST)";
				INFOPLIST_FILE = VirtualAffairsExc2Tests/Info.plist;
				LD_RUNPATH_SEARCH_PATHS = "$(inherited) @executable_path/Frameworks @loader_path/Frameworks";
				PRODUCT_BUNDLE_IDENTIFIER = mvp.VirtualAffairsExc2Tests;
				PRODUCT_NAME = "$(TARGET_NAME)";
				TEST_HOST = "$(BUILT_PRODUCTS_DIR)/VirtualAffairsExc2.app/VirtualAffairsExc2";
			};
			name = Release;
		};
		4D8320E81D05864700B7F684 /* Debug */ = {
			isa = XCBuildConfiguration;
			buildSettings = {
				INFOPLIST_FILE = VirtualAffairsExc2UITests/Info.plist;
				LD_RUNPATH_SEARCH_PATHS = "$(inherited) @executable_path/Frameworks @loader_path/Frameworks";
				PRODUCT_BUNDLE_IDENTIFIER = mvp.VirtualAffairsExc2UITests;
				PRODUCT_NAME = "$(TARGET_NAME)";
				TEST_TARGET_NAME = VirtualAffairsExc2;
			};
			name = Debug;
		};
		4D8320E91D05864700B7F684 /* Release */ = {
			isa = XCBuildConfiguration;
			buildSettings = {
				INFOPLIST_FILE = VirtualAffairsExc2UITests/Info.plist;
				LD_RUNPATH_SEARCH_PATHS = "$(inherited) @executable_path/Frameworks @loader_path/Frameworks";
				PRODUCT_BUNDLE_IDENTIFIER = mvp.VirtualAffairsExc2UITests;
				PRODUCT_NAME = "$(TARGET_NAME)";
				TEST_TARGET_NAME = VirtualAffairsExc2;
			};
			name = Release;
		};
/* End XCBuildConfiguration section */

/* Begin XCConfigurationList section */
		4D8320B11D05864700B7F684 /* Build configuration list for PBXProject "VirtualAffairsExc2" */ = {
			isa = XCConfigurationList;
			buildConfigurations = (
				4D8320DF1D05864700B7F684 /* Debug */,
				4D8320E01D05864700B7F684 /* Release */,
			);
			defaultConfigurationIsVisible = 0;
			defaultConfigurationName = Release;
		};
		4D8320E11D05864700B7F684 /* Build configuration list for PBXNativeTarget "VirtualAffairsExc2" */ = {
			isa = XCConfigurationList;
			buildConfigurations = (
				4D8320E21D05864700B7F684 /* Debug */,
				4D8320E31D05864700B7F684 /* Release */,
			);
			defaultConfigurationIsVisible = 0;
		};
		4D8320E41D05864700B7F684 /* Build configuration list for PBXNativeTarget "VirtualAffairsExc2Tests" */ = {
			isa = XCConfigurationList;
			buildConfigurations = (
				4D8320E51D05864700B7F684 /* Debug */,
				4D8320E61D05864700B7F684 /* Release */,
			);
			defaultConfigurationIsVisible = 0;
		};
		4D8320E71D05864700B7F684 /* Build configuration list for PBXNativeTarget "VirtualAffairsExc2UITests" */ = {
			isa = XCConfigurationList;
			buildConfigurations = (
				4D8320E81D05864700B7F684 /* Debug */,
				4D8320E91D05864700B7F684 /* Release */,
			);
			defaultConfigurationIsVisible = 0;
		};
/* End XCConfigurationList section */

/* Begin XCVersionGroup section */
		4D8320C01D05864700B7F684 /* VirtualAffairsExc2.xcdatamodeld */ = {
			isa = XCVersionGroup;
			children = (
				4D8320C11D05864700B7F684 /* VirtualAffairsExc2.xcdatamodel */,
			);
			currentVersion = 4D8320C11D05864700B7F684 /* VirtualAffairsExc2.xcdatamodel */;
			path = VirtualAffairsExc2.xcdatamodeld;
			sourceTree = "<group>";
			versionGroupType = wrapper.xcdatamodel;
		};
/* End XCVersionGroup section */
	};
	rootObject = 4D8320AE1D05864700B7F684 /* Project object */;
}
